
Microsoft Visual Studio Solution File, Format Version 12.00
# Visual Studio 15
VisualStudioVersion = 15.0.28010.2016
MinimumVisualStudioVersion = 10.0.40219.1
Project("{FAE04EC0-301F-11D3-BF4B-00C04F79EFBC}") = "Lands.Android", "Lands\Lands.Android\Lands.Android.csproj", "{1E9CD4B1-87A5-498C-A2B1-B6EF4F4B2ED0}"
EndProject
Project("{FAE04EC0-301F-11D3-BF4B-00C04F79EFBC}") = "Lands.iOS", "Lands\Lands.iOS\Lands.iOS.csproj", "{3346B5CE-E903-43DF-A6C9-88E988426CDE}"
EndProject
Project("{FAE04EC0-301F-11D3-BF4B-00C04F79EFBC}") = "Lands", "Lands\Lands\Lands.csproj", "{9B94FD03-F6C3-4157-BD5D-446084A41634}"
EndProject
Global
	GlobalSection(SolutionConfigurationPlatforms) = preSolution
		Ad-Hoc|Any CPU = Ad-Hoc|Any CPU
		Ad-Hoc|iPhone = Ad-Hoc|iPhone
		Ad-Hoc|iPhoneSimulator = Ad-Hoc|iPhoneSimulator
		AppStore|Any CPU = AppStore|Any CPU
		AppStore|iPhone = AppStore|iPhone
		AppStore|iPhoneSimulator = AppStore|iPhoneSimulator
		Debug|Any CPU = Debug|Any CPU
		Debug|iPhone = Debug|iPhone
		Debug|iPhoneSimulator = Debug|iPhoneSimulator
		Release|Any CPU = Release|Any CPU
		Release|iPhone = Release|iPhone
		Release|iPhoneSimulator = Release|iPhoneSimulator
	EndGlobalSection
	GlobalSection(ProjectConfigurationPlatforms) = postSolution
		{1E9CD4B1-87A5-498C-A2B1-B6EF4F4B2ED0}.Ad-Hoc|Any CPU.ActiveCfg = Release|Any CPU
		{1E9CD4B1-87A5-498C-A2B1-B6EF4F4B2ED0}.Ad-Hoc|Any CPU.Build.0 = Release|Any CPU
		{1E9CD4B1-87A5-498C-A2B1-B6EF4F4B2ED0}.Ad-Hoc|Any CPU.Deploy.0 = Release|Any CPU
		{1E9CD4B1-87A5-498C-A2B1-B6EF4F4B2ED0}.Ad-Hoc|iPhone.ActiveCfg = Release|Any CPU
		{1E9CD4B1-87A5-498C-A2B1-B6EF4F4B2ED0}.Ad-Hoc|iPhone.Build.0 = Release|Any CPU
		{1E9CD4B1-87A5-498C-A2B1-B6EF4F4B2ED0}.Ad-Hoc|iPhone.Deploy.0 = Release|Any CPU
		{1E9CD4B1-87A5-498C-A2B1-B6EF4F4B2ED0}.Ad-Hoc|iPhoneSimulator.ActiveCfg = Release|Any CPU
		{1E9CD4B1-87A5-498C-A2B1-B6EF4F4B2ED0}.Ad-Hoc|iPhoneSimulator.Build.0 = Release|Any CPU
		{1E9CD4B1-87A5-498C-A2B1-B6EF4F4B2ED0}.Ad-Hoc|iPhoneSimulator.Deploy.0 = Release|Any CPU
		{1E9CD4B1-87A5-498C-A2B1-B6EF4F4B2ED0}.AppStore|Any CPU.ActiveCfg = Release|Any CPU
		{1E9CD4B1-87A5-498C-A2B1-B6EF4F4B2ED0}.AppStore|Any CPU.Build.0 = Release|Any CPU
		{1E9CD4B1-87A5-498C-A2B1-B6EF4F4B2ED0}.AppStore|Any CPU.Deploy.0 = Release|Any CPU
		{1E9CD4B1-87A5-498C-A2B1-B6EF4F4B2ED0}.AppStore|iPhone.ActiveCfg = Release|Any CPU
		{1E9CD4B1-87A5-498C-A2B1-B6EF4F4B2ED0}.AppStore|iPhone.Build.0 = Release|Any CPU
		{1E9CD4B1-87A5-498C-A2B1-B6EF4F4B2ED0}.AppStore|iPhone.Deploy.0 = Release|Any CPU
		{1E9CD4B1-87A5-498C-A2B1-B6EF4F4B2ED0}.AppStore|iPhoneSimulator.ActiveCfg = Release|Any CPU
		{1E9CD4B1-87A5-498C-A2B1-B6EF4F4B2ED0}.AppStore|iPhoneSimulator.Build.0 = Release|Any CPU
		{1E9CD4B1-87A5-498C-A2B1-B6EF4F4B2ED0}.AppStore|iPhoneSimulator.Deploy.0 = Release|Any CPU
		{1E9CD4B1-87A5-498C-A2B1-B6EF4F4B2ED0}.Debug|Any CPU.ActiveCfg = Debug|Any CPU
		{1E9CD4B1-87A5-498C-A2B1-B6EF4F4B2ED0}.Debug|Any CPU.Build.0 = Debug|Any CPU
		{1E9CD4B1-87A5-498C-A2B1-B6EF4F4B2ED0}.Debug|Any CPU.Deploy.0 = Debug|Any CPU
		{1E9CD4B1-87A5-498C-A2B1-B6EF4F4B2ED0}.Debug|iPhone.ActiveCfg = Debug|Any CPU
		{1E9CD4B1-87A5-498C-A2B1-B6EF4F4B2ED0}.Debug|iPhone.Build.0 = Debug|Any CPU
		{1E9CD4B1-87A5-498C-A2B1-B6EF4F4B2ED0}.Debug|iPhone.Deploy.0 = Debug|Any CPU
		{1E9CD4B1-87A5-498C-A2B1-B6EF4F4B2ED0}.Debug|iPhoneSimulator.ActiveCfg = Debug|Any CPU
		{1E9CD4B1-87A5-498C-A2B1-B6EF4F4B2ED0}.Debug|iPhoneSimulator.Build.0 = Debug|Any CPU
		{1E9CD4B1-87A5-498C-A2B1-B6EF4F4B2ED0}.Debug|iPhoneSimulator.Deploy.0 = Debug|Any CPU
		{1E9CD4B1-87A5-498C-A2B1-B6EF4F4B2ED0}.Release|Any CPU.ActiveCfg = Release|Any CPU
		{1E9CD4B1-87A5-498C-A2B1-B6EF4F4B2ED0}.Release|Any CPU.Build.0 = Release|Any CPU
		{1E9CD4B1-87A5-498C-A2B1-B6EF4F4B2ED0}.Release|Any CPU.Deploy.0 = Release|Any CPU
		{1E9CD4B1-87A5-498C-A2B1-B6EF4F4B2ED0}.Release|iPhone.ActiveCfg = Release|Any CPU
		{1E9CD4B1-87A5-498C-A2B1-B6EF4F4B2ED0}.Release|iPhone.Build.0 = Release|Any CPU
		{1E9CD4B1-87A5-498C-A2B1-B6EF4F4B2ED0}.Release|iPhone.Deploy.0 = Release|Any CPU
		{1E9CD4B1-87A5-498C-A2B1-B6EF4F4B2ED0}.Release|iPhoneSimulator.ActiveCfg = Release|Any CPU
		{1E9CD4B1-87A5-498C-A2B1-B6EF4F4B2ED0}.Release|iPhoneSimulator.Build.0 = Release|Any CPU
		{1E9CD4B1-87A5-498C-A2B1-B6EF4F4B2ED0}.Release|iPhoneSimulator.Deploy.0 = Release|Any CPU
		{3346B5CE-E903-43DF-A6C9-88E988426CDE}.Ad-Hoc|Any CPU.ActiveCfg = Ad-Hoc|iPhone
		{3346B5CE-E903-43DF-A6C9-88E988426CDE}.Ad-Hoc|Any CPU.Build.0 = Ad-Hoc|iPhone
		{3346B5CE-E903-43DF-A6C9-88E988426CDE}.Ad-Hoc|Any CPU.Deploy.0 = Ad-Hoc|iPhone
		{3346B5CE-E903-43DF-A6C9-88E988426CDE}.Ad-Hoc|iPhone.ActiveCfg = Ad-Hoc|iPhone
		{3346B5CE-E903-43DF-A6C9-88E988426CDE}.Ad-Hoc|iPhone.Build.0 = Ad-Hoc|iPhone
		{3346B5CE-E903-43DF-A6C9-88E988426CDE}.Ad-Hoc|iPhone.Deploy.0 = Ad-Hoc|iPhone
		{3346B5CE-E903-43DF-A6C9-88E988426CDE}.Ad-Hoc|iPhoneSimulator.ActiveCfg = Ad-Hoc|iPhoneSimulator
		{3346B5CE-E903-43DF-A6C9-88E988426CDE}.Ad-Hoc|iPhoneSimulator.Build.0 = Ad-Hoc|iPhoneSimulator
		{3346B5CE-E903-43DF-A6C9-88E988426CDE}.Ad-Hoc|iPhoneSimulator.Deploy.0 = Ad-Hoc|iPhoneSimulator
		{3346B5CE-E903-43DF-A6C9-88E988426CDE}.AppStore|Any CPU.ActiveCfg = AppStore|iPhone
		{3346B5CE-E903-43DF-A6C9-88E988426CDE}.AppStore|Any CPU.Build.0 = AppStore|iPhone
		{3346B5CE-E903-43DF-A6C9-88E988426CDE}.AppStore|Any CPU.Deploy.0 = AppStore|iPhone
		{3346B5CE-E903-43DF-A6C9-88E988426CDE}.AppStore|iPhone.ActiveCfg = AppStore|iPhone
		{3346B5CE-E903-43DF-A6C9-88E988426CDE}.AppStore|iPhone.Build.0 = AppStore|iPhone
		{3346B5CE-E903-43DF-A6C9-88E988426CDE}.AppStore|iPhone.Deploy.0 = AppStore|iPhone
		{3346B5CE-E903-43DF-A6C9-88E988426CDE}.AppStore|iPhoneSimulator.ActiveCfg = AppStore|iPhoneSimulator
		{3346B5CE-E903-43DF-A6C9-88E988426CDE}.AppStore|iPhoneSimulator.Build.0 = AppStore|iPhoneSimulator
		{3346B5CE-E903-43DF-A6C9-88E988426CDE}.AppStore|iPhoneSimulator.Deploy.0 = AppStore|iPhoneSimulator
		{3346B5CE-E903-43DF-A6C9-88E988426CDE}.Debug|Any CPU.ActiveCfg = Debug|iPhoneSimulator
		{3346B5CE-E903-43DF-A6C9-88E988426CDE}.Debug|Any CPU.Build.0 = Debug|iPhoneSimulator
		{3346B5CE-E903-43DF-A6C9-88E988426CDE}.Debug|Any CPU.Deploy.0 = Debug|iPhoneSimulator
		{3346B5CE-E903-43DF-A6C9-88E988426CDE}.Debug|iPhone.ActiveCfg = Debug|iPhone
		{3346B5CE-E903-43DF-A6C9-88E988426CDE}.Debug|iPhone.Build.0 = Debug|iPhone
		{3346B5CE-E903-43DF-A6C9-88E988426CDE}.Debug|iPhone.Deploy.0 = Debug|iPhone
		{3346B5CE-E903-43DF-A6C9-88E988426CDE}.Debug|iPhoneSimulator.ActiveCfg = Debug|iPhoneSimulator
		{3346B5CE-E903-43DF-A6C9-88E988426CDE}.Debug|iPhoneSimulator.Build.0 = Debug|iPhoneSimulator
		{3346B5CE-E903-43DF-A6C9-88E988426CDE}.Debug|iPhoneSimulator.Deploy.0 = Debug|iPhoneSimulator
		{3346B5CE-E903-43DF-A6C9-88E988426CDE}.Release|Any CPU.ActiveCfg = Release|iPhone
		{3346B5CE-E903-43DF-A6C9-88E988426CDE}.Release|Any CPU.Build.0 = Release|iPhone
		{3346B5CE-E903-43DF-A6C9-88E988426CDE}.Release|Any CPU.Deploy.0 = Release|iPhone
		{3346B5CE-E903-43DF-A6C9-88E988426CDE}.Release|iPhone.ActiveCfg = Release|iPhone
		{3346B5CE-E903-43DF-A6C9-88E988426CDE}.Release|iPhone.Build.0 = Release|iPhone
		{3346B5CE-E903-43DF-A6C9-88E988426CDE}.Release|iPhone.Deploy.0 = Release|iPhone
		{3346B5CE-E903-43DF-A6C9-88E988426CDE}.Release|iPhoneSimulator.ActiveCfg = Release|iPhoneSimulator
		{3346B5CE-E903-43DF-A6C9-88E988426CDE}.Release|iPhoneSimulator.Build.0 = Release|iPhoneSimulator
		{3346B5CE-E903-43DF-A6C9-88E988426CDE}.Release|iPhoneSimulator.Deploy.0 = Release|iPhoneSimulator
		{9B94FD03-F6C3-4157-BD5D-446084A41634}.Ad-Hoc|Any CPU.ActiveCfg = Debug|Any CPU
		{9B94FD03-F6C3-4157-BD5D-446084A41634}.Ad-Hoc|Any CPU.Build.0 = Debug|Any CPU
		{9B94FD03-F6C3-4157-BD5D-446084A41634}.Ad-Hoc|Any CPU.Deploy.0 = Debug|Any CPU
		{9B94FD03-F6C3-4157-BD5D-446084A41634}.Ad-Hoc|iPhone.ActiveCfg = Debug|Any CPU
		{9B94FD03-F6C3-4157-BD5D-446084A41634}.Ad-Hoc|iPhone.Build.0 = Debug|Any CPU
		{9B94FD03-F6C3-4157-BD5D-446084A41634}.Ad-Hoc|iPhone.Deploy.0 = Debug|Any CPU
		{9B94FD03-F6C3-4157-BD5D-446084A41634}.Ad-Hoc|iPhoneSimulator.ActiveCfg = Debug|Any CPU
		{9B94FD03-F6C3-4157-BD5D-446084A41634}.Ad-Hoc|iPhoneSimulator.Build.0 = Debug|Any CPU
		{9B94FD03-F6C3-4157-BD5D-446084A41634}.Ad-Hoc|iPhoneSimulator.Deploy.0 = Debug|Any CPU
		{9B94FD03-F6C3-4157-BD5D-446084A41634}.AppStore|Any CPU.ActiveCfg = Debug|Any CPU
		{9B94FD03-F6C3-4157-BD5D-446084A41634}.AppStore|Any CPU.Build.0 = Debug|Any CPU
		{9B94FD03-F6C3-4157-BD5D-446084A41634}.AppStore|Any CPU.Deploy.0 = Debug|Any CPU
		{9B94FD03-F6C3-4157-BD5D-446084A41634}.AppStore|iPhone.ActiveCfg = Debug|Any CPU
		{9B94FD03-F6C3-4157-BD5D-446084A41634}.AppStore|iPhone.Build.0 = Debug|Any CPU
		{9B94FD03-F6C3-4157-BD5D-446084A41634}.AppStore|iPhone.Deploy.0 = Debug|Any CPU
		{9B94FD03-F6C3-4157-BD5D-446084A41634}.AppStore|iPhoneSimulator.ActiveCfg = Debug|Any CPU
		{9B94FD03-F6C3-4157-BD5D-446084A41634}.AppStore|iPhoneSimulator.Build.0 = Debug|Any CPU
		{9B94FD03-F6C3-4157-BD5D-446084A41634}.AppStore|iPhoneSimulator.Deploy.0 = Debug|Any CPU
		{9B94FD03-F6C3-4157-BD5D-446084A41634}.Debug|Any CPU.ActiveCfg = Debug|Any CPU
		{9B94FD03-F6C3-4157-BD5D-446084A41634}.Debug|Any CPU.Build.0 = Debug|Any CPU
		{9B94FD03-F6C3-4157-BD5D-446084A41634}.Debug|Any CPU.Deploy.0 = Debug|Any CPU
		{9B94FD03-F6C3-4157-BD5D-446084A41634}.Debug|iPhone.ActiveCfg = Debug|Any CPU
		{9B94FD03-F6C3-4157-BD5D-446084A41634}.Debug|iPhone.Build.0 = Debug|Any CPU
		{9B94FD03-F6C3-4157-BD5D-446084A41634}.Debug|iPhone.Deploy.0 = Debug|Any CPU
		{9B94FD03-F6C3-4157-BD5D-446084A41634}.Debug|iPhoneSimulator.ActiveCfg = Debug|Any CPU
		{9B94FD03-F6C3-4157-BD5D-446084A41634}.Debug|iPhoneSimulator.Build.0 = Debug|Any CPU
		{9B94FD03-F6C3-4157-BD5D-446084A41634}.Debug|iPhoneSimulator.Deploy.0 = Debug|Any CPU
		{9B94FD03-F6C3-4157-BD5D-446084A41634}.Release|Any CPU.ActiveCfg = Release|Any CPU
		{9B94FD03-F6C3-4157-BD5D-446084A41634}.Release|Any CPU.Build.0 = Release|Any CPU
		{9B94FD03-F6C3-4157-BD5D-446084A41634}.Release|Any CPU.Deploy.0 = Release|Any CPU
		{9B94FD03-F6C3-4157-BD5D-446084A41634}.Release|iPhone.ActiveCfg = Release|Any CPU
		{9B94FD03-F6C3-4157-BD5D-446084A41634}.Release|iPhone.Build.0 = Release|Any CPU
		{9B94FD03-F6C3-4157-BD5D-446084A41634}.Release|iPhone.Deploy.0 = Release|Any CPU
		{9B94FD03-F6C3-4157-BD5D-446084A41634}.Release|iPhoneSimulator.ActiveCfg = Release|Any CPU
		{9B94FD03-F6C3-4157-BD5D-446084A41634}.Release|iPhoneSimulator.Build.0 = Release|Any CPU
		{9B94FD03-F6C3-4157-BD5D-446084A41634}.Release|iPhoneSimulator.Deploy.0 = Release|Any CPU
	EndGlobalSection
	GlobalSection(SolutionProperties) = preSolution
		HideSolutionNode = FALSE
	EndGlobalSection
	GlobalSection(ExtensibilityGlobals) = postSolution
		SolutionGuid = {A32BAB9F-0885-4E70-A171-0651A421513D}
	EndGlobalSection
EndGlobal
